%{"bcrypt": {:git, "https://github.com/opscode/erlang-bcrypt.git", "820283b0d329368f298afd22038340c888689a39", [tag: "0.5.0.3"]},
  "cowboy": {:hex, :cowboy, "1.0.0"},
  "cowlib": {:hex, :cowlib, "1.0.0"},
  "decimal": {:hex, :decimal, "0.2.5"},
  "ecto": {:hex, :ecto, "0.2.5"},
  "erlpass": {:git, "git://github.com/ferd/erlpass.git", "7c6b569550620c36ba619da0261134651fab55c2", [tag: "1.0.1"]},
  "phoenix": {:git, "git://github.com/phoenixframework/phoenix.git", "da51c045f91c6080f85ffdb5fbcf997bc1dd5808", []},
  "plug": {:git, "git://github.com/elixir-lang/plug.git", "029bbed62e4aa321355f3b9af6272ea843e35ec0", []},
  "poison": {:hex, :poison, "1.2.1"},
  "poolboy": {:hex, :poolboy, "1.2.1"},
  "postgrex": {:hex, :postgrex, "0.6.0"},
  "ranch": {:hex, :ranch, "1.0.0"},
  "scrypt": {:git, "git://github.com/ferd/erlpass.git", "7c6b569550620c36ba619da0261134651fab55c2", [tag: "1.0.1"]},
  "timex": {:hex, :timex, "0.13.2"}}
